
Microsoft Visual Studio Solution File, Format Version 12.00
# Visual Studio 14
VisualStudioVersion = 14.0.25420.1
MinimumVisualStudioVersion = 10.0.40219.1
Project("{8BC9CEB8-8B4A-11D0-8D11-00A0C91BC942}") = "lesson_2_First_code", "lesson_2_myfirst\SomeStuff.vcxproj", "{1A16C3B7-F847-432A-866A-F5CECC97E7CA}"
EndProject
Project("{8BC9CEB8-8B4A-11D0-8D11-00A0C91BC942}") = "lesson_2_carrot", "lesson_2_carrot\Carrots.vcxproj", "{1F57DCD1-3129-45EF-975B-0968CF1D972E}"
EndProject
Project("{8BC9CEB8-8B4A-11D0-8D11-00A0C91BC942}") = "lesson_2_get_info", "lesson_2_getinfo\getinfo.vcxproj", "{31E1B632-AD42-4B1F-B62A-CB35C13380BE}"
EndProject
Project("{8BC9CEB8-8B4A-11D0-8D11-00A0C91BC942}") = "lesson_2_sqrt", "lesson_2_sqrt\sqrt.vcxproj", "{06A33AC4-D233-47F0-9342-2FC36166798D}"
EndProject
Project("{8BC9CEB8-8B4A-11D0-8D11-00A0C91BC942}") = "lesson_2_outfrune", "lesson_2_oufrune\oufrune.vcxproj", "{D38C96B0-F744-489F-8080-BDFA179B2EF1}"
EndProject
Project("{8BC9CEB8-8B4A-11D0-8D11-00A0C91BC942}") = "lesson_2_convert", "lesson_2_convert\convert.vcxproj", "{2D5AC7BB-C977-41A7-8E93-92FBCE0C5F97}"
EndProject
Project("{8BC9CEB8-8B4A-11D0-8D11-00A0C91BC942}") = "Home_task_2.2", "Home_task_2.2\HomeTaskTwoTwo.vcxproj", "{67954430-A3C7-438A-BAF6-B86EF839F28B}"
EndProject
Project("{8BC9CEB8-8B4A-11D0-8D11-00A0C91BC942}") = "Home_task_2.3", "Home_task_2.3\HomeTask2.3.vcxproj", "{6C4F288A-A356-4ECA-95A6-FF78C55BBD22}"
EndProject
Project("{8BC9CEB8-8B4A-11D0-8D11-00A0C91BC942}") = "Home_task_2.4", "Home_task_2.4\HomeTaskTwoFour.vcxproj", "{35E594BE-4DBF-49C3-B9E0-E17631E3150E}"
EndProject
Project("{8BC9CEB8-8B4A-11D0-8D11-00A0C91BC942}") = "Home_task_2.5", "Home_task_2.5\HomeTaskTwoFive.vcxproj", "{BCBB2913-0B70-4E5B-85DB-84DE7D3F1448}"
EndProject
Project("{8BC9CEB8-8B4A-11D0-8D11-00A0C91BC942}") = "Home_task_2.6", "Home_task_2.6\HomeTaskTwoSix.vcxproj", "{FD1540B7-B97F-41D8-9C4B-B3B8C620EB93}"
EndProject
Project("{8BC9CEB8-8B4A-11D0-8D11-00A0C91BC942}") = "Home_task_2.7", "Home_task_2.7\HomeTaskTwoSeven.vcxproj", "{11795901-278B-4C5D-A06B-B8942AE1650E}"
EndProject
Project("{8BC9CEB8-8B4A-11D0-8D11-00A0C91BC942}") = "Home_task_2.1", "Home_task_2.1\Home_task_2.1.vcxproj", "{5A375BCD-8C61-45F0-A321-970025FB8599}"
EndProject
Project("{8BC9CEB8-8B4A-11D0-8D11-00A0C91BC942}") = "lesson_3_limits", "lesson_3_limits\lesson_3_limits.vcxproj", "{650254D8-F76B-4CA0-93B0-42CC2CF43794}"
EndProject
Project("{8BC9CEB8-8B4A-11D0-8D11-00A0C91BC942}") = "lesson_3_exceed", "lesson_3_exceed\lesson_3_exceed.vcxproj", "{88505483-89D0-4EB2-8770-D681D71B0BE4}"
EndProject
Project("{8BC9CEB8-8B4A-11D0-8D11-00A0C91BC942}") = "lesson_3_hexoct_1", "lesson_3_hexoct_1\lesson_3_hexoct_1.vcxproj", "{90A66448-22C8-445F-A382-E952155BC7A3}"
EndProject
Project("{8BC9CEB8-8B4A-11D0-8D11-00A0C91BC942}") = "lesson_3_hexoct_2", "lesson_3_hexoct_2\lesson_3_hexoct_2.vcxproj", "{FF6BF59C-F52B-4D6E-96B9-262172A062AD}"
EndProject
Project("{8BC9CEB8-8B4A-11D0-8D11-00A0C91BC942}") = "lesson_3_chartype", "lesson_3_chartype\lesson_3_chartype.vcxproj", "{9A25C24A-0A5D-4E0F-8DB1-FA72CA30D0CB}"
EndProject
Project("{8BC9CEB8-8B4A-11D0-8D11-00A0C91BC942}") = "lesson_3_morechar", "lesson_3_morechar\lesson_3_morechar.vcxproj", "{79D61BFD-9D0F-4A32-8F44-5824D3EC289A}"
EndProject
Project("{8BC9CEB8-8B4A-11D0-8D11-00A0C91BC942}") = "lesson_3_bondini", "lesson_3_bondini\lesson_3_bondini.vcxproj", "{F13A4239-0AE4-4F0B-AB58-0C19C3548E3C}"
EndProject
Project("{8BC9CEB8-8B4A-11D0-8D11-00A0C91BC942}") = "lesson_3_floatnum", "lesson_3_floatnum\lesson_3_floatnum.vcxproj", "{1F0B6FC0-8AD5-4C44-B8DF-18B7798578D8}"
EndProject
Project("{8BC9CEB8-8B4A-11D0-8D11-00A0C91BC942}") = "lesson_3_fltadd", "lesson_3_fltadd\lesson_3_fltadd.vcxproj", "{666CEF6A-AAAE-4211-BD5C-D44E69EC08D0}"
EndProject
Project("{8BC9CEB8-8B4A-11D0-8D11-00A0C91BC942}") = "lesson_3.10_arith", "lesson_3_arith\lesson_3_arith.vcxproj", "{207166C1-1385-49CA-9C20-70E12AF45FC5}"
EndProject
Project("{8BC9CEB8-8B4A-11D0-8D11-00A0C91BC942}") = "lesson_3.11_divide", "lesson_3_divide\lesson_3_divide.vcxproj", "{92F3AB4C-B456-4778-ACC6-F844EA8A4CD1}"
EndProject
Project("{8BC9CEB8-8B4A-11D0-8D11-00A0C91BC942}") = "lesson_3.12_modulus", "lesson_3.13_modulus\lesson_3.13_modulus.vcxproj", "{57FB043A-14CC-435E-BB6F-AFFBB38D9934}"
EndProject
Project("{8BC9CEB8-8B4A-11D0-8D11-00A0C91BC942}") = "lesson_3.13_assign", "lesson_3.13_assign\lesson_3.13_assign.vcxproj", "{CC300B7A-ACC5-4482-B363-50F97110BED2}"
EndProject
Project("{8BC9CEB8-8B4A-11D0-8D11-00A0C91BC942}") = "lesson_3.14_typecast", "lesson_3.14_typecast\lesson_3.14_typecast.vcxproj", "{35B9F6CA-9C7E-4573-82C6-23DBCBF9EE15}"
EndProject
Project("{8BC9CEB8-8B4A-11D0-8D11-00A0C91BC942}") = "Home_task_3.2", "Home_task_3.2\Home_task_3.2.vcxproj", "{F5CDB661-2311-4223-9521-F54CBD9427DB}"
EndProject
Project("{8BC9CEB8-8B4A-11D0-8D11-00A0C91BC942}") = "Home_task_3.6", "Home_task_3.6\Home_task_3.6.vcxproj", "{35BC8360-F987-4703-957E-D4144647B8BB}"
EndProject
Project("{8BC9CEB8-8B4A-11D0-8D11-00A0C91BC942}") = "Home_task_3.8", "Home_task_3.8\Home_task_3.8.vcxproj", "{ED43FBBD-692A-407E-8EA4-6401D00AD302}"
EndProject
Project("{8BC9CEB8-8B4A-11D0-8D11-00A0C91BC942}") = "Home_task_3.9", "Home_task_3.9\Home_task_3.9.vcxproj", "{BDE5EF73-D58D-496E-91A0-99D5340F9C57}"
EndProject
Global
	GlobalSection(SolutionConfigurationPlatforms) = preSolution
		Debug|x64 = Debug|x64
		Debug|x86 = Debug|x86
		Release|x64 = Release|x64
		Release|x86 = Release|x86
	EndGlobalSection
	GlobalSection(ProjectConfigurationPlatforms) = postSolution
		{1A16C3B7-F847-432A-866A-F5CECC97E7CA}.Debug|x64.ActiveCfg = Debug|x64
		{1A16C3B7-F847-432A-866A-F5CECC97E7CA}.Debug|x64.Build.0 = Debug|x64
		{1A16C3B7-F847-432A-866A-F5CECC97E7CA}.Debug|x86.ActiveCfg = Debug|Win32
		{1A16C3B7-F847-432A-866A-F5CECC97E7CA}.Debug|x86.Build.0 = Debug|Win32
		{1A16C3B7-F847-432A-866A-F5CECC97E7CA}.Release|x64.ActiveCfg = Release|x64
		{1A16C3B7-F847-432A-866A-F5CECC97E7CA}.Release|x64.Build.0 = Release|x64
		{1A16C3B7-F847-432A-866A-F5CECC97E7CA}.Release|x86.ActiveCfg = Release|Win32
		{1A16C3B7-F847-432A-866A-F5CECC97E7CA}.Release|x86.Build.0 = Release|Win32
		{1F57DCD1-3129-45EF-975B-0968CF1D972E}.Debug|x64.ActiveCfg = Debug|x64
		{1F57DCD1-3129-45EF-975B-0968CF1D972E}.Debug|x64.Build.0 = Debug|x64
		{1F57DCD1-3129-45EF-975B-0968CF1D972E}.Debug|x86.ActiveCfg = Debug|Win32
		{1F57DCD1-3129-45EF-975B-0968CF1D972E}.Debug|x86.Build.0 = Debug|Win32
		{1F57DCD1-3129-45EF-975B-0968CF1D972E}.Release|x64.ActiveCfg = Release|x64
		{1F57DCD1-3129-45EF-975B-0968CF1D972E}.Release|x64.Build.0 = Release|x64
		{1F57DCD1-3129-45EF-975B-0968CF1D972E}.Release|x86.ActiveCfg = Release|Win32
		{1F57DCD1-3129-45EF-975B-0968CF1D972E}.Release|x86.Build.0 = Release|Win32
		{31E1B632-AD42-4B1F-B62A-CB35C13380BE}.Debug|x64.ActiveCfg = Debug|x64
		{31E1B632-AD42-4B1F-B62A-CB35C13380BE}.Debug|x64.Build.0 = Debug|x64
		{31E1B632-AD42-4B1F-B62A-CB35C13380BE}.Debug|x86.ActiveCfg = Debug|Win32
		{31E1B632-AD42-4B1F-B62A-CB35C13380BE}.Debug|x86.Build.0 = Debug|Win32
		{31E1B632-AD42-4B1F-B62A-CB35C13380BE}.Release|x64.ActiveCfg = Release|x64
		{31E1B632-AD42-4B1F-B62A-CB35C13380BE}.Release|x64.Build.0 = Release|x64
		{31E1B632-AD42-4B1F-B62A-CB35C13380BE}.Release|x86.ActiveCfg = Release|Win32
		{31E1B632-AD42-4B1F-B62A-CB35C13380BE}.Release|x86.Build.0 = Release|Win32
		{06A33AC4-D233-47F0-9342-2FC36166798D}.Debug|x64.ActiveCfg = Debug|x64
		{06A33AC4-D233-47F0-9342-2FC36166798D}.Debug|x64.Build.0 = Debug|x64
		{06A33AC4-D233-47F0-9342-2FC36166798D}.Debug|x86.ActiveCfg = Debug|Win32
		{06A33AC4-D233-47F0-9342-2FC36166798D}.Debug|x86.Build.0 = Debug|Win32
		{06A33AC4-D233-47F0-9342-2FC36166798D}.Release|x64.ActiveCfg = Release|x64
		{06A33AC4-D233-47F0-9342-2FC36166798D}.Release|x64.Build.0 = Release|x64
		{06A33AC4-D233-47F0-9342-2FC36166798D}.Release|x86.ActiveCfg = Release|Win32
		{06A33AC4-D233-47F0-9342-2FC36166798D}.Release|x86.Build.0 = Release|Win32
		{D38C96B0-F744-489F-8080-BDFA179B2EF1}.Debug|x64.ActiveCfg = Debug|x64
		{D38C96B0-F744-489F-8080-BDFA179B2EF1}.Debug|x64.Build.0 = Debug|x64
		{D38C96B0-F744-489F-8080-BDFA179B2EF1}.Debug|x86.ActiveCfg = Debug|Win32
		{D38C96B0-F744-489F-8080-BDFA179B2EF1}.Debug|x86.Build.0 = Debug|Win32
		{D38C96B0-F744-489F-8080-BDFA179B2EF1}.Release|x64.ActiveCfg = Release|x64
		{D38C96B0-F744-489F-8080-BDFA179B2EF1}.Release|x64.Build.0 = Release|x64
		{D38C96B0-F744-489F-8080-BDFA179B2EF1}.Release|x86.ActiveCfg = Release|Win32
		{D38C96B0-F744-489F-8080-BDFA179B2EF1}.Release|x86.Build.0 = Release|Win32
		{2D5AC7BB-C977-41A7-8E93-92FBCE0C5F97}.Debug|x64.ActiveCfg = Debug|x64
		{2D5AC7BB-C977-41A7-8E93-92FBCE0C5F97}.Debug|x64.Build.0 = Debug|x64
		{2D5AC7BB-C977-41A7-8E93-92FBCE0C5F97}.Debug|x86.ActiveCfg = Debug|Win32
		{2D5AC7BB-C977-41A7-8E93-92FBCE0C5F97}.Debug|x86.Build.0 = Debug|Win32
		{2D5AC7BB-C977-41A7-8E93-92FBCE0C5F97}.Release|x64.ActiveCfg = Release|x64
		{2D5AC7BB-C977-41A7-8E93-92FBCE0C5F97}.Release|x64.Build.0 = Release|x64
		{2D5AC7BB-C977-41A7-8E93-92FBCE0C5F97}.Release|x86.ActiveCfg = Release|Win32
		{2D5AC7BB-C977-41A7-8E93-92FBCE0C5F97}.Release|x86.Build.0 = Release|Win32
		{67954430-A3C7-438A-BAF6-B86EF839F28B}.Debug|x64.ActiveCfg = Debug|x64
		{67954430-A3C7-438A-BAF6-B86EF839F28B}.Debug|x64.Build.0 = Debug|x64
		{67954430-A3C7-438A-BAF6-B86EF839F28B}.Debug|x86.ActiveCfg = Debug|Win32
		{67954430-A3C7-438A-BAF6-B86EF839F28B}.Debug|x86.Build.0 = Debug|Win32
		{67954430-A3C7-438A-BAF6-B86EF839F28B}.Release|x64.ActiveCfg = Release|x64
		{67954430-A3C7-438A-BAF6-B86EF839F28B}.Release|x64.Build.0 = Release|x64
		{67954430-A3C7-438A-BAF6-B86EF839F28B}.Release|x86.ActiveCfg = Release|Win32
		{67954430-A3C7-438A-BAF6-B86EF839F28B}.Release|x86.Build.0 = Release|Win32
		{6C4F288A-A356-4ECA-95A6-FF78C55BBD22}.Debug|x64.ActiveCfg = Debug|x64
		{6C4F288A-A356-4ECA-95A6-FF78C55BBD22}.Debug|x64.Build.0 = Debug|x64
		{6C4F288A-A356-4ECA-95A6-FF78C55BBD22}.Debug|x86.ActiveCfg = Debug|Win32
		{6C4F288A-A356-4ECA-95A6-FF78C55BBD22}.Debug|x86.Build.0 = Debug|Win32
		{6C4F288A-A356-4ECA-95A6-FF78C55BBD22}.Release|x64.ActiveCfg = Release|x64
		{6C4F288A-A356-4ECA-95A6-FF78C55BBD22}.Release|x64.Build.0 = Release|x64
		{6C4F288A-A356-4ECA-95A6-FF78C55BBD22}.Release|x86.ActiveCfg = Release|Win32
		{6C4F288A-A356-4ECA-95A6-FF78C55BBD22}.Release|x86.Build.0 = Release|Win32
		{35E594BE-4DBF-49C3-B9E0-E17631E3150E}.Debug|x64.ActiveCfg = Debug|x64
		{35E594BE-4DBF-49C3-B9E0-E17631E3150E}.Debug|x64.Build.0 = Debug|x64
		{35E594BE-4DBF-49C3-B9E0-E17631E3150E}.Debug|x86.ActiveCfg = Debug|Win32
		{35E594BE-4DBF-49C3-B9E0-E17631E3150E}.Debug|x86.Build.0 = Debug|Win32
		{35E594BE-4DBF-49C3-B9E0-E17631E3150E}.Release|x64.ActiveCfg = Release|x64
		{35E594BE-4DBF-49C3-B9E0-E17631E3150E}.Release|x64.Build.0 = Release|x64
		{35E594BE-4DBF-49C3-B9E0-E17631E3150E}.Release|x86.ActiveCfg = Release|Win32
		{35E594BE-4DBF-49C3-B9E0-E17631E3150E}.Release|x86.Build.0 = Release|Win32
		{BCBB2913-0B70-4E5B-85DB-84DE7D3F1448}.Debug|x64.ActiveCfg = Debug|x64
		{BCBB2913-0B70-4E5B-85DB-84DE7D3F1448}.Debug|x64.Build.0 = Debug|x64
		{BCBB2913-0B70-4E5B-85DB-84DE7D3F1448}.Debug|x86.ActiveCfg = Debug|Win32
		{BCBB2913-0B70-4E5B-85DB-84DE7D3F1448}.Debug|x86.Build.0 = Debug|Win32
		{BCBB2913-0B70-4E5B-85DB-84DE7D3F1448}.Release|x64.ActiveCfg = Release|x64
		{BCBB2913-0B70-4E5B-85DB-84DE7D3F1448}.Release|x64.Build.0 = Release|x64
		{BCBB2913-0B70-4E5B-85DB-84DE7D3F1448}.Release|x86.ActiveCfg = Release|Win32
		{BCBB2913-0B70-4E5B-85DB-84DE7D3F1448}.Release|x86.Build.0 = Release|Win32
		{FD1540B7-B97F-41D8-9C4B-B3B8C620EB93}.Debug|x64.ActiveCfg = Debug|x64
		{FD1540B7-B97F-41D8-9C4B-B3B8C620EB93}.Debug|x64.Build.0 = Debug|x64
		{FD1540B7-B97F-41D8-9C4B-B3B8C620EB93}.Debug|x86.ActiveCfg = Debug|Win32
		{FD1540B7-B97F-41D8-9C4B-B3B8C620EB93}.Debug|x86.Build.0 = Debug|Win32
		{FD1540B7-B97F-41D8-9C4B-B3B8C620EB93}.Release|x64.ActiveCfg = Release|x64
		{FD1540B7-B97F-41D8-9C4B-B3B8C620EB93}.Release|x64.Build.0 = Release|x64
		{FD1540B7-B97F-41D8-9C4B-B3B8C620EB93}.Release|x86.ActiveCfg = Release|Win32
		{FD1540B7-B97F-41D8-9C4B-B3B8C620EB93}.Release|x86.Build.0 = Release|Win32
		{11795901-278B-4C5D-A06B-B8942AE1650E}.Debug|x64.ActiveCfg = Debug|x64
		{11795901-278B-4C5D-A06B-B8942AE1650E}.Debug|x64.Build.0 = Debug|x64
		{11795901-278B-4C5D-A06B-B8942AE1650E}.Debug|x86.ActiveCfg = Debug|Win32
		{11795901-278B-4C5D-A06B-B8942AE1650E}.Debug|x86.Build.0 = Debug|Win32
		{11795901-278B-4C5D-A06B-B8942AE1650E}.Release|x64.ActiveCfg = Release|x64
		{11795901-278B-4C5D-A06B-B8942AE1650E}.Release|x64.Build.0 = Release|x64
		{11795901-278B-4C5D-A06B-B8942AE1650E}.Release|x86.ActiveCfg = Release|Win32
		{11795901-278B-4C5D-A06B-B8942AE1650E}.Release|x86.Build.0 = Release|Win32
		{5A375BCD-8C61-45F0-A321-970025FB8599}.Debug|x64.ActiveCfg = Debug|x64
		{5A375BCD-8C61-45F0-A321-970025FB8599}.Debug|x64.Build.0 = Debug|x64
		{5A375BCD-8C61-45F0-A321-970025FB8599}.Debug|x86.ActiveCfg = Debug|Win32
		{5A375BCD-8C61-45F0-A321-970025FB8599}.Debug|x86.Build.0 = Debug|Win32
		{5A375BCD-8C61-45F0-A321-970025FB8599}.Release|x64.ActiveCfg = Release|x64
		{5A375BCD-8C61-45F0-A321-970025FB8599}.Release|x64.Build.0 = Release|x64
		{5A375BCD-8C61-45F0-A321-970025FB8599}.Release|x86.ActiveCfg = Release|Win32
		{5A375BCD-8C61-45F0-A321-970025FB8599}.Release|x86.Build.0 = Release|Win32
		{650254D8-F76B-4CA0-93B0-42CC2CF43794}.Debug|x64.ActiveCfg = Debug|x64
		{650254D8-F76B-4CA0-93B0-42CC2CF43794}.Debug|x64.Build.0 = Debug|x64
		{650254D8-F76B-4CA0-93B0-42CC2CF43794}.Debug|x86.ActiveCfg = Debug|Win32
		{650254D8-F76B-4CA0-93B0-42CC2CF43794}.Debug|x86.Build.0 = Debug|Win32
		{650254D8-F76B-4CA0-93B0-42CC2CF43794}.Release|x64.ActiveCfg = Release|x64
		{650254D8-F76B-4CA0-93B0-42CC2CF43794}.Release|x64.Build.0 = Release|x64
		{650254D8-F76B-4CA0-93B0-42CC2CF43794}.Release|x86.ActiveCfg = Release|Win32
		{650254D8-F76B-4CA0-93B0-42CC2CF43794}.Release|x86.Build.0 = Release|Win32
		{88505483-89D0-4EB2-8770-D681D71B0BE4}.Debug|x64.ActiveCfg = Debug|x64
		{88505483-89D0-4EB2-8770-D681D71B0BE4}.Debug|x64.Build.0 = Debug|x64
		{88505483-89D0-4EB2-8770-D681D71B0BE4}.Debug|x86.ActiveCfg = Debug|Win32
		{88505483-89D0-4EB2-8770-D681D71B0BE4}.Debug|x86.Build.0 = Debug|Win32
		{88505483-89D0-4EB2-8770-D681D71B0BE4}.Release|x64.ActiveCfg = Release|x64
		{88505483-89D0-4EB2-8770-D681D71B0BE4}.Release|x64.Build.0 = Release|x64
		{88505483-89D0-4EB2-8770-D681D71B0BE4}.Release|x86.ActiveCfg = Release|Win32
		{88505483-89D0-4EB2-8770-D681D71B0BE4}.Release|x86.Build.0 = Release|Win32
		{90A66448-22C8-445F-A382-E952155BC7A3}.Debug|x64.ActiveCfg = Debug|x64
		{90A66448-22C8-445F-A382-E952155BC7A3}.Debug|x64.Build.0 = Debug|x64
		{90A66448-22C8-445F-A382-E952155BC7A3}.Debug|x86.ActiveCfg = Debug|Win32
		{90A66448-22C8-445F-A382-E952155BC7A3}.Debug|x86.Build.0 = Debug|Win32
		{90A66448-22C8-445F-A382-E952155BC7A3}.Release|x64.ActiveCfg = Release|x64
		{90A66448-22C8-445F-A382-E952155BC7A3}.Release|x64.Build.0 = Release|x64
		{90A66448-22C8-445F-A382-E952155BC7A3}.Release|x86.ActiveCfg = Release|Win32
		{90A66448-22C8-445F-A382-E952155BC7A3}.Release|x86.Build.0 = Release|Win32
		{FF6BF59C-F52B-4D6E-96B9-262172A062AD}.Debug|x64.ActiveCfg = Debug|x64
		{FF6BF59C-F52B-4D6E-96B9-262172A062AD}.Debug|x64.Build.0 = Debug|x64
		{FF6BF59C-F52B-4D6E-96B9-262172A062AD}.Debug|x86.ActiveCfg = Debug|Win32
		{FF6BF59C-F52B-4D6E-96B9-262172A062AD}.Debug|x86.Build.0 = Debug|Win32
		{FF6BF59C-F52B-4D6E-96B9-262172A062AD}.Release|x64.ActiveCfg = Release|x64
		{FF6BF59C-F52B-4D6E-96B9-262172A062AD}.Release|x64.Build.0 = Release|x64
		{FF6BF59C-F52B-4D6E-96B9-262172A062AD}.Release|x86.ActiveCfg = Release|Win32
		{FF6BF59C-F52B-4D6E-96B9-262172A062AD}.Release|x86.Build.0 = Release|Win32
		{9A25C24A-0A5D-4E0F-8DB1-FA72CA30D0CB}.Debug|x64.ActiveCfg = Debug|x64
		{9A25C24A-0A5D-4E0F-8DB1-FA72CA30D0CB}.Debug|x64.Build.0 = Debug|x64
		{9A25C24A-0A5D-4E0F-8DB1-FA72CA30D0CB}.Debug|x86.ActiveCfg = Debug|Win32
		{9A25C24A-0A5D-4E0F-8DB1-FA72CA30D0CB}.Debug|x86.Build.0 = Debug|Win32
		{9A25C24A-0A5D-4E0F-8DB1-FA72CA30D0CB}.Release|x64.ActiveCfg = Release|x64
		{9A25C24A-0A5D-4E0F-8DB1-FA72CA30D0CB}.Release|x64.Build.0 = Release|x64
		{9A25C24A-0A5D-4E0F-8DB1-FA72CA30D0CB}.Release|x86.ActiveCfg = Release|Win32
		{9A25C24A-0A5D-4E0F-8DB1-FA72CA30D0CB}.Release|x86.Build.0 = Release|Win32
		{79D61BFD-9D0F-4A32-8F44-5824D3EC289A}.Debug|x64.ActiveCfg = Debug|x64
		{79D61BFD-9D0F-4A32-8F44-5824D3EC289A}.Debug|x64.Build.0 = Debug|x64
		{79D61BFD-9D0F-4A32-8F44-5824D3EC289A}.Debug|x86.ActiveCfg = Debug|Win32
		{79D61BFD-9D0F-4A32-8F44-5824D3EC289A}.Debug|x86.Build.0 = Debug|Win32
		{79D61BFD-9D0F-4A32-8F44-5824D3EC289A}.Release|x64.ActiveCfg = Release|x64
		{79D61BFD-9D0F-4A32-8F44-5824D3EC289A}.Release|x64.Build.0 = Release|x64
		{79D61BFD-9D0F-4A32-8F44-5824D3EC289A}.Release|x86.ActiveCfg = Release|Win32
		{79D61BFD-9D0F-4A32-8F44-5824D3EC289A}.Release|x86.Build.0 = Release|Win32
		{F13A4239-0AE4-4F0B-AB58-0C19C3548E3C}.Debug|x64.ActiveCfg = Debug|x64
		{F13A4239-0AE4-4F0B-AB58-0C19C3548E3C}.Debug|x64.Build.0 = Debug|x64
		{F13A4239-0AE4-4F0B-AB58-0C19C3548E3C}.Debug|x86.ActiveCfg = Debug|Win32
		{F13A4239-0AE4-4F0B-AB58-0C19C3548E3C}.Debug|x86.Build.0 = Debug|Win32
		{F13A4239-0AE4-4F0B-AB58-0C19C3548E3C}.Release|x64.ActiveCfg = Release|x64
		{F13A4239-0AE4-4F0B-AB58-0C19C3548E3C}.Release|x64.Build.0 = Release|x64
		{F13A4239-0AE4-4F0B-AB58-0C19C3548E3C}.Release|x86.ActiveCfg = Release|Win32
		{F13A4239-0AE4-4F0B-AB58-0C19C3548E3C}.Release|x86.Build.0 = Release|Win32
		{1F0B6FC0-8AD5-4C44-B8DF-18B7798578D8}.Debug|x64.ActiveCfg = Debug|x64
		{1F0B6FC0-8AD5-4C44-B8DF-18B7798578D8}.Debug|x64.Build.0 = Debug|x64
		{1F0B6FC0-8AD5-4C44-B8DF-18B7798578D8}.Debug|x86.ActiveCfg = Debug|Win32
		{1F0B6FC0-8AD5-4C44-B8DF-18B7798578D8}.Debug|x86.Build.0 = Debug|Win32
		{1F0B6FC0-8AD5-4C44-B8DF-18B7798578D8}.Release|x64.ActiveCfg = Release|x64
		{1F0B6FC0-8AD5-4C44-B8DF-18B7798578D8}.Release|x64.Build.0 = Release|x64
		{1F0B6FC0-8AD5-4C44-B8DF-18B7798578D8}.Release|x86.ActiveCfg = Release|Win32
		{1F0B6FC0-8AD5-4C44-B8DF-18B7798578D8}.Release|x86.Build.0 = Release|Win32
		{666CEF6A-AAAE-4211-BD5C-D44E69EC08D0}.Debug|x64.ActiveCfg = Debug|x64
		{666CEF6A-AAAE-4211-BD5C-D44E69EC08D0}.Debug|x64.Build.0 = Debug|x64
		{666CEF6A-AAAE-4211-BD5C-D44E69EC08D0}.Debug|x86.ActiveCfg = Debug|Win32
		{666CEF6A-AAAE-4211-BD5C-D44E69EC08D0}.Debug|x86.Build.0 = Debug|Win32
		{666CEF6A-AAAE-4211-BD5C-D44E69EC08D0}.Release|x64.ActiveCfg = Release|x64
		{666CEF6A-AAAE-4211-BD5C-D44E69EC08D0}.Release|x64.Build.0 = Release|x64
		{666CEF6A-AAAE-4211-BD5C-D44E69EC08D0}.Release|x86.ActiveCfg = Release|Win32
		{666CEF6A-AAAE-4211-BD5C-D44E69EC08D0}.Release|x86.Build.0 = Release|Win32
		{207166C1-1385-49CA-9C20-70E12AF45FC5}.Debug|x64.ActiveCfg = Debug|x64
		{207166C1-1385-49CA-9C20-70E12AF45FC5}.Debug|x64.Build.0 = Debug|x64
		{207166C1-1385-49CA-9C20-70E12AF45FC5}.Debug|x86.ActiveCfg = Debug|Win32
		{207166C1-1385-49CA-9C20-70E12AF45FC5}.Debug|x86.Build.0 = Debug|Win32
		{207166C1-1385-49CA-9C20-70E12AF45FC5}.Release|x64.ActiveCfg = Release|x64
		{207166C1-1385-49CA-9C20-70E12AF45FC5}.Release|x64.Build.0 = Release|x64
		{207166C1-1385-49CA-9C20-70E12AF45FC5}.Release|x86.ActiveCfg = Release|Win32
		{207166C1-1385-49CA-9C20-70E12AF45FC5}.Release|x86.Build.0 = Release|Win32
		{92F3AB4C-B456-4778-ACC6-F844EA8A4CD1}.Debug|x64.ActiveCfg = Debug|x64
		{92F3AB4C-B456-4778-ACC6-F844EA8A4CD1}.Debug|x64.Build.0 = Debug|x64
		{92F3AB4C-B456-4778-ACC6-F844EA8A4CD1}.Debug|x86.ActiveCfg = Debug|Win32
		{92F3AB4C-B456-4778-ACC6-F844EA8A4CD1}.Debug|x86.Build.0 = Debug|Win32
		{92F3AB4C-B456-4778-ACC6-F844EA8A4CD1}.Release|x64.ActiveCfg = Release|x64
		{92F3AB4C-B456-4778-ACC6-F844EA8A4CD1}.Release|x64.Build.0 = Release|x64
		{92F3AB4C-B456-4778-ACC6-F844EA8A4CD1}.Release|x86.ActiveCfg = Release|Win32
		{92F3AB4C-B456-4778-ACC6-F844EA8A4CD1}.Release|x86.Build.0 = Release|Win32
		{57FB043A-14CC-435E-BB6F-AFFBB38D9934}.Debug|x64.ActiveCfg = Debug|x64
		{57FB043A-14CC-435E-BB6F-AFFBB38D9934}.Debug|x64.Build.0 = Debug|x64
		{57FB043A-14CC-435E-BB6F-AFFBB38D9934}.Debug|x86.ActiveCfg = Debug|Win32
		{57FB043A-14CC-435E-BB6F-AFFBB38D9934}.Debug|x86.Build.0 = Debug|Win32
		{57FB043A-14CC-435E-BB6F-AFFBB38D9934}.Release|x64.ActiveCfg = Release|x64
		{57FB043A-14CC-435E-BB6F-AFFBB38D9934}.Release|x64.Build.0 = Release|x64
		{57FB043A-14CC-435E-BB6F-AFFBB38D9934}.Release|x86.ActiveCfg = Release|Win32
		{57FB043A-14CC-435E-BB6F-AFFBB38D9934}.Release|x86.Build.0 = Release|Win32
		{CC300B7A-ACC5-4482-B363-50F97110BED2}.Debug|x64.ActiveCfg = Debug|x64
		{CC300B7A-ACC5-4482-B363-50F97110BED2}.Debug|x64.Build.0 = Debug|x64
		{CC300B7A-ACC5-4482-B363-50F97110BED2}.Debug|x86.ActiveCfg = Debug|Win32
		{CC300B7A-ACC5-4482-B363-50F97110BED2}.Debug|x86.Build.0 = Debug|Win32
		{CC300B7A-ACC5-4482-B363-50F97110BED2}.Release|x64.ActiveCfg = Release|x64
		{CC300B7A-ACC5-4482-B363-50F97110BED2}.Release|x64.Build.0 = Release|x64
		{CC300B7A-ACC5-4482-B363-50F97110BED2}.Release|x86.ActiveCfg = Release|Win32
		{CC300B7A-ACC5-4482-B363-50F97110BED2}.Release|x86.Build.0 = Release|Win32
		{35B9F6CA-9C7E-4573-82C6-23DBCBF9EE15}.Debug|x64.ActiveCfg = Debug|x64
		{35B9F6CA-9C7E-4573-82C6-23DBCBF9EE15}.Debug|x64.Build.0 = Debug|x64
		{35B9F6CA-9C7E-4573-82C6-23DBCBF9EE15}.Debug|x86.ActiveCfg = Debug|Win32
		{35B9F6CA-9C7E-4573-82C6-23DBCBF9EE15}.Debug|x86.Build.0 = Debug|Win32
		{35B9F6CA-9C7E-4573-82C6-23DBCBF9EE15}.Release|x64.ActiveCfg = Release|x64
		{35B9F6CA-9C7E-4573-82C6-23DBCBF9EE15}.Release|x64.Build.0 = Release|x64
		{35B9F6CA-9C7E-4573-82C6-23DBCBF9EE15}.Release|x86.ActiveCfg = Release|Win32
		{35B9F6CA-9C7E-4573-82C6-23DBCBF9EE15}.Release|x86.Build.0 = Release|Win32
		{F5CDB661-2311-4223-9521-F54CBD9427DB}.Debug|x64.ActiveCfg = Debug|x64
		{F5CDB661-2311-4223-9521-F54CBD9427DB}.Debug|x64.Build.0 = Debug|x64
		{F5CDB661-2311-4223-9521-F54CBD9427DB}.Debug|x86.ActiveCfg = Debug|Win32
		{F5CDB661-2311-4223-9521-F54CBD9427DB}.Debug|x86.Build.0 = Debug|Win32
		{F5CDB661-2311-4223-9521-F54CBD9427DB}.Release|x64.ActiveCfg = Release|x64
		{F5CDB661-2311-4223-9521-F54CBD9427DB}.Release|x64.Build.0 = Release|x64
		{F5CDB661-2311-4223-9521-F54CBD9427DB}.Release|x86.ActiveCfg = Release|Win32
		{F5CDB661-2311-4223-9521-F54CBD9427DB}.Release|x86.Build.0 = Release|Win32
		{35BC8360-F987-4703-957E-D4144647B8BB}.Debug|x64.ActiveCfg = Debug|x64
		{35BC8360-F987-4703-957E-D4144647B8BB}.Debug|x64.Build.0 = Debug|x64
		{35BC8360-F987-4703-957E-D4144647B8BB}.Debug|x86.ActiveCfg = Debug|Win32
		{35BC8360-F987-4703-957E-D4144647B8BB}.Debug|x86.Build.0 = Debug|Win32
		{35BC8360-F987-4703-957E-D4144647B8BB}.Release|x64.ActiveCfg = Release|x64
		{35BC8360-F987-4703-957E-D4144647B8BB}.Release|x64.Build.0 = Release|x64
		{35BC8360-F987-4703-957E-D4144647B8BB}.Release|x86.ActiveCfg = Release|Win32
		{35BC8360-F987-4703-957E-D4144647B8BB}.Release|x86.Build.0 = Release|Win32
		{ED43FBBD-692A-407E-8EA4-6401D00AD302}.Debug|x64.ActiveCfg = Debug|x64
		{ED43FBBD-692A-407E-8EA4-6401D00AD302}.Debug|x64.Build.0 = Debug|x64
		{ED43FBBD-692A-407E-8EA4-6401D00AD302}.Debug|x86.ActiveCfg = Debug|Win32
		{ED43FBBD-692A-407E-8EA4-6401D00AD302}.Debug|x86.Build.0 = Debug|Win32
		{ED43FBBD-692A-407E-8EA4-6401D00AD302}.Release|x64.ActiveCfg = Release|x64
		{ED43FBBD-692A-407E-8EA4-6401D00AD302}.Release|x64.Build.0 = Release|x64
		{ED43FBBD-692A-407E-8EA4-6401D00AD302}.Release|x86.ActiveCfg = Release|Win32
		{ED43FBBD-692A-407E-8EA4-6401D00AD302}.Release|x86.Build.0 = Release|Win32
		{BDE5EF73-D58D-496E-91A0-99D5340F9C57}.Debug|x64.ActiveCfg = Debug|x64
		{BDE5EF73-D58D-496E-91A0-99D5340F9C57}.Debug|x64.Build.0 = Debug|x64
		{BDE5EF73-D58D-496E-91A0-99D5340F9C57}.Debug|x86.ActiveCfg = Debug|Win32
		{BDE5EF73-D58D-496E-91A0-99D5340F9C57}.Debug|x86.Build.0 = Debug|Win32
		{BDE5EF73-D58D-496E-91A0-99D5340F9C57}.Release|x64.ActiveCfg = Release|x64
		{BDE5EF73-D58D-496E-91A0-99D5340F9C57}.Release|x64.Build.0 = Release|x64
		{BDE5EF73-D58D-496E-91A0-99D5340F9C57}.Release|x86.ActiveCfg = Release|Win32
		{BDE5EF73-D58D-496E-91A0-99D5340F9C57}.Release|x86.Build.0 = Release|Win32
	EndGlobalSection
	GlobalSection(SolutionProperties) = preSolution
		HideSolutionNode = FALSE
	EndGlobalSection
EndGlobal
